
Microsoft Visual Studio Solution File, Format Version 12.00
# Visual Studio Version 16
VisualStudioVersion = 16.0.32002.261
MinimumVisualStudioVersion = 10.0.40219.1
Project("{FAE04EC0-301F-11D3-BF4B-00C04F79EFBC}") = "ToDoList", "ToDoList\ToDoList.csproj", "{6F7E2E00-A8AD-407B-A5B4-6EF37F86B9CC}"
EndProject
Global
	GlobalSection(SolutionConfigurationPlatforms) = preSolution
		Debug|Any CPU = Debug|Any CPU
		Release|Any CPU = Release|Any CPU
	EndGlobalSection
	GlobalSection(ProjectConfigurationPlatforms) = postSolution
		{6F7E2E00-A8AD-407B-A5B4-6EF37F86B9CC}.Debug|Any CPU.ActiveCfg = Debug|Any CPU
		{6F7E2E00-A8AD-407B-A5B4-6EF37F86B9CC}.Debug|Any CPU.Build.0 = Debug|Any CPU
		{6F7E2E00-A8AD-407B-A5B4-6EF37F86B9CC}.Release|Any CPU.ActiveCfg = Release|Any CPU
		{6F7E2E00-A8AD-407B-A5B4-6EF37F86B9CC}.Release|Any CPU.Build.0 = Release|Any CPU
	EndGlobalSection
	GlobalSection(SolutionProperties) = preSolution
		HideSolutionNode = FALSE
	EndGlobalSection
	GlobalSection(ExtensibilityGlobals) = postSolution
		SolutionGuid = {54003F10-F5BD-4DFB-88E3-4D80E5A2B2A2}
	EndGlobalSection
EndGlobal
